
Microsoft Visual Studio Solution File, Format Version 12.00
# Visual Studio 15
VisualStudioVersion = 15.0.27428.2037
MinimumVisualStudioVersion = 10.0.40219.1
Project("{FAE04EC0-301F-11D3-BF4B-00C04F79EFBC}") = "001 - SolveMeFirst", "001 - SolveMeFirst\001 - SolveMeFirst.csproj", "{D1B7B3DF-F0F7-4E78-8A85-7099E0BB2FEE}"
EndProject
Project("{FAE04EC0-301F-11D3-BF4B-00C04F79EFBC}") = "002 - SimpleArraySum", "002 - SimpleArraySum\002 - SimpleArraySum.csproj", "{9C54F3AB-FD8C-4987-AB45-D35045CC0B90}"
EndProject
Project("{FAE04EC0-301F-11D3-BF4B-00C04F79EFBC}") = "003 - CompareTheTriplets", "003 - CompareTheTriplets\003 - CompareTheTriplets.csproj", "{608B5220-0F99-4E76-9406-97EA7CEC1235}"
EndProject
Project("{FAE04EC0-301F-11D3-BF4B-00C04F79EFBC}") = "004 - AVeryBigSum", "004 - AVeryBigSum\004 - AVeryBigSum.csproj", "{F2DB3FD7-C57C-4B53-A271-3E314A423417}"
EndProject
Project("{FAE04EC0-301F-11D3-BF4B-00C04F79EFBC}") = "005 - DiagonalDifference", "005 - DiagonalDifference\005 - DiagonalDifference.csproj", "{FC1C4C99-B0EC-417A-9454-201752674DB0}"
EndProject
Project("{FAE04EC0-301F-11D3-BF4B-00C04F79EFBC}") = "006 - PlusMinus", "006 - PlusMinus\006 - PlusMinus.csproj", "{2BAC0451-8699-42A9-A323-A40046B1F211}"
EndProject
Project("{FAE04EC0-301F-11D3-BF4B-00C04F79EFBC}") = "007 - Staircase", "007 - Staircase\007 - Staircase.csproj", "{5F362F97-643C-4465-B89E-56160E7EA0FF}"
EndProject
Global
	GlobalSection(SolutionConfigurationPlatforms) = preSolution
		Debug|Any CPU = Debug|Any CPU
		Release|Any CPU = Release|Any CPU
	EndGlobalSection
	GlobalSection(ProjectConfigurationPlatforms) = postSolution
		{D1B7B3DF-F0F7-4E78-8A85-7099E0BB2FEE}.Debug|Any CPU.ActiveCfg = Debug|Any CPU
		{D1B7B3DF-F0F7-4E78-8A85-7099E0BB2FEE}.Debug|Any CPU.Build.0 = Debug|Any CPU
		{D1B7B3DF-F0F7-4E78-8A85-7099E0BB2FEE}.Release|Any CPU.ActiveCfg = Release|Any CPU
		{D1B7B3DF-F0F7-4E78-8A85-7099E0BB2FEE}.Release|Any CPU.Build.0 = Release|Any CPU
		{9C54F3AB-FD8C-4987-AB45-D35045CC0B90}.Debug|Any CPU.ActiveCfg = Debug|Any CPU
		{9C54F3AB-FD8C-4987-AB45-D35045CC0B90}.Debug|Any CPU.Build.0 = Debug|Any CPU
		{9C54F3AB-FD8C-4987-AB45-D35045CC0B90}.Release|Any CPU.ActiveCfg = Release|Any CPU
		{9C54F3AB-FD8C-4987-AB45-D35045CC0B90}.Release|Any CPU.Build.0 = Release|Any CPU
		{608B5220-0F99-4E76-9406-97EA7CEC1235}.Debug|Any CPU.ActiveCfg = Debug|Any CPU
		{608B5220-0F99-4E76-9406-97EA7CEC1235}.Debug|Any CPU.Build.0 = Debug|Any CPU
		{608B5220-0F99-4E76-9406-97EA7CEC1235}.Release|Any CPU.ActiveCfg = Release|Any CPU
		{608B5220-0F99-4E76-9406-97EA7CEC1235}.Release|Any CPU.Build.0 = Release|Any CPU
		{F2DB3FD7-C57C-4B53-A271-3E314A423417}.Debug|Any CPU.ActiveCfg = Debug|Any CPU
		{F2DB3FD7-C57C-4B53-A271-3E314A423417}.Debug|Any CPU.Build.0 = Debug|Any CPU
		{F2DB3FD7-C57C-4B53-A271-3E314A423417}.Release|Any CPU.ActiveCfg = Release|Any CPU
		{F2DB3FD7-C57C-4B53-A271-3E314A423417}.Release|Any CPU.Build.0 = Release|Any CPU
		{FC1C4C99-B0EC-417A-9454-201752674DB0}.Debug|Any CPU.ActiveCfg = Debug|Any CPU
		{FC1C4C99-B0EC-417A-9454-201752674DB0}.Debug|Any CPU.Build.0 = Debug|Any CPU
		{FC1C4C99-B0EC-417A-9454-201752674DB0}.Release|Any CPU.ActiveCfg = Release|Any CPU
		{FC1C4C99-B0EC-417A-9454-201752674DB0}.Release|Any CPU.Build.0 = Release|Any CPU
		{2BAC0451-8699-42A9-A323-A40046B1F211}.Debug|Any CPU.ActiveCfg = Debug|Any CPU
		{2BAC0451-8699-42A9-A323-A40046B1F211}.Debug|Any CPU.Build.0 = Debug|Any CPU
		{2BAC0451-8699-42A9-A323-A40046B1F211}.Release|Any CPU.ActiveCfg = Release|Any CPU
		{2BAC0451-8699-42A9-A323-A40046B1F211}.Release|Any CPU.Build.0 = Release|Any CPU
		{5F362F97-643C-4465-B89E-56160E7EA0FF}.Debug|Any CPU.ActiveCfg = Debug|Any CPU
		{5F362F97-643C-4465-B89E-56160E7EA0FF}.Debug|Any CPU.Build.0 = Debug|Any CPU
		{5F362F97-643C-4465-B89E-56160E7EA0FF}.Release|Any CPU.ActiveCfg = Release|Any CPU
		{5F362F97-643C-4465-B89E-56160E7EA0FF}.Release|Any CPU.Build.0 = Release|Any CPU
	EndGlobalSection
	GlobalSection(SolutionProperties) = preSolution
		HideSolutionNode = FALSE
	EndGlobalSection
	GlobalSection(ExtensibilityGlobals) = postSolution
		SolutionGuid = {7DF5BAE7-61A8-40EC-A0E4-DE77D8EB5FE5}
	EndGlobalSection
EndGlobal
